{
  "name": "frog",
  "lockfileVersion": 3,
  "requires": true,
  "packages": {
    "": {
      "devDependencies": {
        "meshoptimizer": "1.1.1"
      }
    },
    "node_modules/meshoptimizer": {
      "version": "1.1.1",
      "resolved": "https://registry.npmjs.org/meshoptimizer/-/meshoptimizer-1.1.1.tgz",
      "integrity": "sha512-oRFNWJRDA/WTrVj7NWvqa5HqE1t9MYDj2VaWirQCzCCrAd2GHrqR/sQezCxiWATPNlKTcRaPRHPJwIRoPBAp5g==",
      "dev": true,
      "license": "MIT"
    }
  }
}
